// !$*UTF8*$!
{
	archiveVersion = 1;
	classes = {
	};
	objectVersion = 46;
	objects = {

/* Begin PBXBuildFile section */
		DAF26E681C55FCD7000812A6 /* main.m in Sources */ = {isa = PBXBuildFile; fileRef = DAF26E671C55FCD7000812A6 /* main.m */; };
		DAF26E6B1C55FCD7000812A6 /* AppDelegate.m in Sources */ = {isa = PBXBuildFile; fileRef = DAF26E6A1C55FCD7000812A6 /* AppDelegate.m */; };
		DAF26E6E1C55FCD7000812A6 /* ViewController.m in Sources */ = {isa = PBXBuildFile; fileRef = DAF26E6D1C55FCD7000812A6 /* ViewController.m */; };
		DAF26E711C55FCD7000812A6 /* Main.storyboard in Resources */ = {isa = PBXBuildFile; fileRef = DAF26E6F1C55FCD7000812A6 /* Main.storyboard */; };
		DAF26E731C55FCD7000812A6 /* Assets.xcassets in Resources */ = {isa = PBXBuildFile; fileRef = DAF26E721C55FCD7000812A6 /* Assets.xcassets */; };
		DAF26E761C55FCD7000812A6 /* LaunchScreen.storyboard in Resources */ = {isa = PBXBuildFile; fileRef = DAF26E741C55FCD7000812A6 /* LaunchScreen.storyboard */; };
		DAF26E801C55FD3F000812A6 /* MPColorTools.m in Sources */ = {isa = PBXBuildFile; fileRef = DAF26E7F1C55FD3F000812A6 /* MPColorTools.m */; };
		DAF26E821C55FD90000812A6 /* UIKit.framework in Frameworks */ = {isa = PBXBuildFile; fileRef = DAF26E811C55FD90000812A6 /* UIKit.framework */; };
/* End PBXBuildFile section */

/* Begin PBXFileReference section */
		DAF26E631C55FCD7000812A6 /* FWCOLORAPP.app */ = {isa = PBXFileReference; explicitFileType = wrapper.application; includeInIndex = 0; path = FWCOLORAPP.app; sourceTree = BUILT_PRODUCTS_DIR; };
		DAF26E671C55FCD7000812A6 /* main.m */ = {isa = PBXFileReference; lastKnownFileType = sourcecode.c.objc; path = main.m; sourceTree = "<group>"; };
		DAF26E691C55FCD7000812A6 /* AppDelegate.h */ = {isa = PBXFileReference; lastKnownFileType = sourcecode.c.h; path = AppDelegate.h; sourceTree = "<group>"; };
		DAF26E6A1C55FCD7000812A6 /* AppDelegate.m */ = {isa = PBXFileReference; lastKnownFileType = sourcecode.c.objc; path = AppDelegate.m; sourceTree = "<group>"; };
		DAF26E6C1C55FCD7000812A6 /* ViewController.h */ = {isa = PBXFileReference; lastKnownFileType = sourcecode.c.h; path = ViewController.h; sourceTree = "<group>"; };
		DAF26E6D1C55FCD7000812A6 /* ViewController.m */ = {isa = PBXFileReference; lastKnownFileType = sourcecode.c.objc; path = ViewController.m; sourceTree = "<group>"; };
		DAF26E701C55FCD7000812A6 /* Base */ = {isa = PBXFileReference; lastKnownFileType = file.storyboard; name = Base; path = Base.lproj/Main.storyboard; sourceTree = "<group>"; };
		DAF26E721C55FCD7000812A6 /* Assets.xcassets */ = {isa = PBXFileReference; lastKnownFileType = folder.assetcatalog; path = Assets.xcassets; sourceTree = "<group>"; };
		DAF26E751C55FCD7000812A6 /* Base */ = {isa = PBXFileReference; lastKnownFileType = file.storyboard; name = Base; path = Base.lproj/LaunchScreen.storyboard; sourceTree = "<group>"; };
		DAF26E771C55FCD7000812A6 /* Info.plist */ = {isa = PBXFileReference; lastKnownFileType = text.plist.xml; path = Info.plist; sourceTree = "<group>"; };
		DAF26E7E1C55FD3F000812A6 /* MPColorTools.h */ = {isa = PBXFileReference; fileEncoding = 4; lastKnownFileType = sourcecode.c.h; path = MPColorTools.h; sourceTree = "<group>"; };
		DAF26E7F1C55FD3F000812A6 /* MPColorTools.m */ = {isa = PBXFileReference; fileEncoding = 4; lastKnownFileType = sourcecode.c.objc; path = MPColorTools.m; sourceTree = "<group>"; };
		DAF26E811C55FD90000812A6 /* UIKit.framework */ = {isa = PBXFileReference; lastKnownFileType = wrapper.framework; name = UIKit.framework; path = System/Library/Frameworks/UIKit.framework; sourceTree = SDKROOT; };
/* End PBXFileReference section */

/* Begin PBXFrameworksBuildPhase section */
		DAF26E601C55FCD7000812A6 /* Frameworks */ = {
			isa = PBXFrameworksBuildPhase;
			buildActionMask = 2147483647;
			files = (
				DAF26E821C55FD90000812A6 /* UIKit.framework in Frameworks */,
			);
			runOnlyForDeploymentPostprocessing = 0;
		};
/* End PBXFrameworksBuildPhase section */

/* Begin PBXGroup section */
		DAF26E5A1C55FCD7000812A6 = {
			isa = PBXGroup;
			children = (
				DAF26E811C55FD90000812A6 /* UIKit.framework */,
				DAF26E651C55FCD7000812A6 /* FWCOLORAPP */,
				DAF26E641C55FCD7000812A6 /* Products */,
			);
			sourceTree = "<group>";
		};
		DAF26E641C55FCD7000812A6 /* Products */ = {
			isa = PBXGroup;
			children = (
				DAF26E631C55FCD7000812A6 /* FWCOLORAPP.app */,
			);
			name = Products;
			sourceTree = "<group>";
		};
		DAF26E651C55FCD7000812A6 /* FWCOLORAPP */ = {
			isa = PBXGroup;
			children = (
				DAF26E7D1C55FD3F000812A6 /* MPColorTools */,
				DAF26E691C55FCD7000812A6 /* AppDelegate.h */,
				DAF26E6A1C55FCD7000812A6 /* AppDelegate.m */,
				DAF26E6C1C55FCD7000812A6 /* ViewController.h */,
				DAF26E6D1C55FCD7000812A6 /* ViewController.m */,
				DAF26E6F1C55FCD7000812A6 /* Main.storyboard */,
				DAF26E721C55FCD7000812A6 /* Assets.xcassets */,
				DAF26E741C55FCD7000812A6 /* LaunchScreen.storyboard */,
				DAF26E771C55FCD7000812A6 /* Info.plist */,
				DAF26E661C55FCD7000812A6 /* Supporting Files */,
			);
			path = FWCOLORAPP;
			sourceTree = "<group>";
		};
		DAF26E661C55FCD7000812A6 /* Supporting Files */ = {
			isa = PBXGroup;
			children = (
				DAF26E671C55FCD7000812A6 /* main.m */,
			);
			name = "Supporting Files";
			sourceTree = "<group>";
		};
		DAF26E7D1C55FD3F000812A6 /* MPColorTools */ = {
			isa = PBXGroup;
			children = (
				DAF26E7E1C55FD3F000812A6 /* MPColorTools.h */,
				DAF26E7F1C55FD3F000812A6 /* MPColorTools.m */,
			);
			path = MPColorTools;
			sourceTree = "<group>";
		};
/* End PBXGroup section */

/* Begin PBXNativeTarget section */
		DAF26E621C55FCD7000812A6 /* FWCOLORAPP */ = {
			isa = PBXNativeTarget;
			buildConfigurationList = DAF26E7A1C55FCD7000812A6 /* Build configuration list for PBXNativeTarget "FWCOLORAPP" */;
			buildPhases = (
				DAF26E5F1C55FCD7000812A6 /* Sources */,
				DAF26E601C55FCD7000812A6 /* Frameworks */,
				DAF26E611C55FCD7000812A6 /* Resources */,
			);
			buildRules = (
			);
			dependencies = (
			);
			name = FWCOLORAPP;
			productName = FWCOLORAPP;
			productReference = DAF26E631C55FCD7000812A6 /* FWCOLORAPP.app */;
			productType = "com.apple.product-type.application";
		};
/* End PBXNativeTarget section */

/* Begin PBXProject section */
		DAF26E5B1C55FCD7000812A6 /* Project object */ = {
			isa = PBXProject;
			attributes = {
				LastUpgradeCheck = 0720;
				ORGANIZATIONNAME = ForrstWoo;
				TargetAttributes = {
					DAF26E621C55FCD7000812A6 = {
						CreatedOnToolsVersion = 7.2;
						DevelopmentTeam = GMQZZ9LJB4;
					};
				};
			};
			buildConfigurationList = DAF26E5E1C55FCD7000812A6 /* Build configuration list for PBXProject "FWCOLORAPP" */;
			compatibilityVersion = "Xcode 3.2";
			developmentRegion = English;
			hasScannedForEncodings = 0;
			knownRegions = (
				en,
				Base,
			);
			mainGroup = DAF26E5A1C55FCD7000812A6;
			productRefGroup = DAF26E641C55FCD7000812A6 /* Products */;
			projectDirPath = "";
			projectRoot = "";
			targets = (
				DAF26E621C55FCD7000812A6 /* FWCOLORAPP */,
			);
		};
/* End PBXProject section */

/* Begin PBXResourcesBuildPhase section */
		DAF26E611C55FCD7000812A6 /* Resources */ = {
			isa = PBXResourcesBuildPhase;
			buildActionMask = 2147483647;
			files = (
				DAF26E761C55FCD7000812A6 /* LaunchScreen.storyboard in Resources */,
				DAF26E731C55FCD7000812A6 /* Assets.xcassets in Resources */,
				DAF26E711C55FCD7000812A6 /* Main.storyboard in Resources */,
			);
			runOnlyForDeploymentPostprocessing = 0;
		};
/* End PBXResourcesBuildPhase section */

/* Begin PBXSourcesBuildPhase section */
		DAF26E5F1C55FCD7000812A6 /* Sources */ = {
			isa = PBXSourcesBuildPhase;
			buildActionMask = 2147483647;
			files = (
				DAF26E6E1C55FCD7000812A6 /* ViewController.m in Sources */,
				DAF26E6B1C55FCD7000812A6 /* AppDelegate.m in Sources */,
				DAF26E801C55FD3F000812A6 /* MPColorTools.m in Sources */,
				DAF26E681C55FCD7000812A6 /* main.m in Sources */,
			);
			runOnlyForDeploymentPostprocessing = 0;
		};
/* End PBXSourcesBuildPhase section */

/* Begin PBXVariantGroup section */
		DAF26E6F1C55FCD7000812A6 /* Main.storyboard */ = {
			isa = PBXVariantGroup;
			children = (
				DAF26E701C55FCD7000812A6 /* Base */,
			);
			name = Main.storyboard;
			sourceTree = "<group>";
		};
		DAF26E741C55FCD7000812A6 /* LaunchScreen.storyboard */ = {
			isa = PBXVariantGroup;
			children = (
				DAF26E751C55FCD7000812A6 /* Base */,
			);
			name = LaunchScreen.storyboard;
			sourceTree = "<group>";
		};
/* End PBXVariantGroup section */

/* Begin XCBuildConfiguration section */
		DAF26E781C55FCD7000812A6 /* Debug */ = {
			isa = XCBuildConfiguration;
			buildSettings = {
				ALWAYS_SEARCH_USER_PATHS = NO;
				CLANG_CXX_LANGUAGE_STANDARD = "gnu++0x";
				CLANG_CXX_LIBRARY = "libc++";
				CLANG_ENABLE_MODULES = YES;
				CLANG_ENABLE_OBJC_ARC = YES;
				CLANG_WARN_BOOL_CONVERSION = YES;
				CLANG_WARN_CONSTANT_CONVERSION = YES;
				CLANG_WARN_DIRECT_OBJC_ISA_USAGE = YES_ERROR;
				CLANG_WARN_EMPTY_BODY = YES;
				CLANG_WARN_ENUM_CONVERSION = YES;
				CLANG_WARN_INT_CONVERSION = YES;
				CLANG_WARN_OBJC_ROOT_CLASS = YES_ERROR;
				CLANG_WARN_UNREACHABLE_CODE = YES;
				CLANG_WARN__DUPLICATE_METHOD_MATCH = YES;
				"CODE_SIGN_IDENTITY[sdk=iphoneos*]" = "iPhone Developer";
				COPY_PHASE_STRIP = NO;
				DEBUG_INFORMATION_FORMAT = dwarf;
				ENABLE_STRICT_OBJC_MSGSEND = YES;
				ENABLE_TESTABILITY = YES;
				GCC_C_LANGUAGE_STANDARD = gnu99;
				GCC_DYNAMIC_NO_PIC = NO;
				GCC_NO_COMMON_BLOCKS = YES;
				GCC_OPTIMIZATION_LEVEL = 0;
				GCC_PREPROCESSOR_DEFINITIONS = (
					"DEBUG=1",
					"$(inherited)",
				);
				GCC_WARN_64_TO_32_BIT_CONVERSION = YES;
				GCC_WARN_ABOUT_RETURN_TYPE = YES_ERROR;
				GCC_WARN_UNDECLARED_SELECTOR = YES;
				GCC_WARN_UNINITIALIZED_AUTOS = YES_AGGRESSIVE;
				GCC_WARN_UNUSED_FUNCTION = YES;
				GCC_WARN_UNUSED_VARIABLE = YES;
				IPHONEOS_DEPLOYMENT_TARGET = 9.2;
				MTL_ENABLE_DEBUG_INFO = YES;
				ONLY_ACTIVE_ARCH = YES;
				SDKROOT = iphoneos;
			};
			name = Debug;
		};
		DAF26E791C55FCD7000812A6 /* Release */ = {
			isa = XCBuildConfiguration;
			buildSettings = {
				ALWAYS_SEARCH_USER_PATHS = NO;
				CLANG_CXX_LANGUAGE_STANDARD = "gnu++0x";
				CLANG_CXX_LIBRARY = "libc++";
				CLANG_ENABLE_MODULES = YES;
				CLANG_ENABLE_OBJC_ARC = YES;
				CLANG_WARN_BOOL_CONVERSION = YES;
				CLANG_WARN_CONSTANT_CONVERSION = YES;
				CLANG_WARN_DIRECT_OBJC_ISA_USAGE = YES_ERROR;
				CLANG_WARN_EMPTY_BODY = YES;
				CLANG_WARN_ENUM_CONVERSION = YES;
				CLANG_WARN_INT_CONVERSION = YES;
				CLANG_WARN_OBJC_ROOT_CLASS = YES_ERROR;
				CLANG_WARN_UNREACHABLE_CODE = YES;
				CLANG_WARN__DUPLICATE_METHOD_MATCH = YES;
				"CODE_SIGN_IDENTITY[sdk=iphoneos*]" = "iPhone Developer";
				COPY_PHASE_STRIP = NO;
				DEBUG_INFORMATION_FORMAT = "dwarf-with-dsym";
				ENABLE_NS_ASSERTIONS = NO;
				ENABLE_STRICT_OBJC_MSGSEND = YES;
				GCC_C_LANGUAGE_STANDARD = gnu99;
				GCC_NO_COMMON_BLOCKS = YES;
				GCC_WARN_64_TO_32_BIT_CONVERSION = YES;
				GCC_WARN_ABOUT_RETURN_TYPE = YES_ERROR;
				GCC_WARN_UNDECLARED_SELECTOR = YES;
				GCC_WARN_UNINITIALIZED_AUTOS = YES_AGGRESSIVE;
				GCC_WARN_UNUSED_FUNCTION = YES;
				GCC_WARN_UNUSED_VARIABLE = YES;
				IPHONEOS_DEPLOYMENT_TARGET = 9.2;
				MTL_ENABLE_DEBUG_INFO = NO;
				SDKROOT = iphoneos;
				VALIDATE_PRODUCT = YES;
			};
			name = Release;
		};
		DAF26E7B1C55FCD7000812A6 /* Debug */ = {
			isa = XCBuildConfiguration;
			buildSettings = {
				ASSETCATALOG_COMPILER_APPICON_NAME = AppIcon;
				INFOPLIST_FILE = FWCOLORAPP/Info.plist;
				LD_RUNPATH_SEARCH_PATHS = "$(inherited) @executable_path/Frameworks";
				PRODUCT_BUNDLE_IDENTIFIER = FW.FWCOLORAPP;
				PRODUCT_NAME = "$(TARGET_NAME)";
			};
			name = Debug;
		};
		DAF26E7C1C55FCD7000812A6 /* Release */ = {
			isa = XCBuildConfiguration;
			buildSettings = {
				ASSETCATALOG_COMPILER_APPICON_NAME = AppIcon;
				INFOPLIST_FILE = FWCOLORAPP/Info.plist;
				LD_RUNPATH_SEARCH_PATHS = "$(inherited) @executable_path/Frameworks";
				PRODUCT_BUNDLE_IDENTIFIER = FW.FWCOLORAPP;
				PRODUCT_NAME = "$(TARGET_NAME)";
			};
			name = Release;
		};
/* End XCBuildConfiguration section */

/* Begin XCConfigurationList section */
		DAF26E5E1C55FCD7000812A6 /* Build configuration list for PBXProject "FWCOLORAPP" */ = {
			isa = XCConfigurationList;
			buildConfigurations = (
				DAF26E781C55FCD7000812A6 /* Debug */,
				DAF26E791C55FCD7000812A6 /* Release */,
			);
			defaultConfigurationIsVisible = 0;
			defaultConfigurationName = Release;
		};
		DAF26E7A1C55FCD7000812A6 /* Build configuration list for PBXNativeTarget "FWCOLORAPP" */ = {
			isa = XCConfigurationList;
			buildConfigurations = (
				DAF26E7B1C55FCD7000812A6 /* Debug */,
				DAF26E7C1C55FCD7000812A6 /* Release */,
			);
			defaultConfigurationIsVisible = 0;
		};
/* End XCConfigurationList section */
	};
	rootObject = DAF26E5B1C55FCD7000812A6 /* Project object */;
}
