// !$*UTF8*$!
{
	archiveVersion = 1;
	classes = {
	};
	objectVersion = 46;
	objects = {

/* Begin PBXBuildFile section */
		DA90468A1C58D35A005B162D /* main.m in Sources */ = {isa = PBXBuildFile; fileRef = DA9046891C58D35A005B162D /* main.m */; };
		DA90468D1C58D35A005B162D /* AppDelegate.m in Sources */ = {isa = PBXBuildFile; fileRef = DA90468C1C58D35A005B162D /* AppDelegate.m */; };
		DA9046901C58D35A005B162D /* ViewController.m in Sources */ = {isa = PBXBuildFile; fileRef = DA90468F1C58D35A005B162D /* ViewController.m */; };
		DA9046931C58D35B005B162D /* Main.storyboard in Resources */ = {isa = PBXBuildFile; fileRef = DA9046911C58D35B005B162D /* Main.storyboard */; };
		DA9046961C58D35B005B162D /* FWWeatherApp.xcdatamodeld in Sources */ = {isa = PBXBuildFile; fileRef = DA9046941C58D35B005B162D /* FWWeatherApp.xcdatamodeld */; };
		DA9046981C58D35B005B162D /* Assets.xcassets in Resources */ = {isa = PBXBuildFile; fileRef = DA9046971C58D35B005B162D /* Assets.xcassets */; };
		DA90469B1C58D35B005B162D /* LaunchScreen.storyboard in Resources */ = {isa = PBXBuildFile; fileRef = DA9046991C58D35B005B162D /* LaunchScreen.storyboard */; };
/* End PBXBuildFile section */

/* Begin PBXFileReference section */
		DA9046851C58D35A005B162D /* FWWeatherApp.app */ = {isa = PBXFileReference; explicitFileType = wrapper.application; includeInIndex = 0; path = FWWeatherApp.app; sourceTree = BUILT_PRODUCTS_DIR; };
		DA9046891C58D35A005B162D /* main.m */ = {isa = PBXFileReference; lastKnownFileType = sourcecode.c.objc; path = main.m; sourceTree = "<group>"; };
		DA90468B1C58D35A005B162D /* AppDelegate.h */ = {isa = PBXFileReference; lastKnownFileType = sourcecode.c.h; path = AppDelegate.h; sourceTree = "<group>"; };
		DA90468C1C58D35A005B162D /* AppDelegate.m */ = {isa = PBXFileReference; lastKnownFileType = sourcecode.c.objc; path = AppDelegate.m; sourceTree = "<group>"; };
		DA90468E1C58D35A005B162D /* ViewController.h */ = {isa = PBXFileReference; lastKnownFileType = sourcecode.c.h; path = ViewController.h; sourceTree = "<group>"; };
		DA90468F1C58D35A005B162D /* ViewController.m */ = {isa = PBXFileReference; lastKnownFileType = sourcecode.c.objc; path = ViewController.m; sourceTree = "<group>"; };
		DA9046921C58D35B005B162D /* Base */ = {isa = PBXFileReference; lastKnownFileType = file.storyboard; name = Base; path = Base.lproj/Main.storyboard; sourceTree = "<group>"; };
		DA9046951C58D35B005B162D /* FWWeatherApp.xcdatamodel */ = {isa = PBXFileReference; lastKnownFileType = wrapper.xcdatamodel; path = FWWeatherApp.xcdatamodel; sourceTree = "<group>"; };
		DA9046971C58D35B005B162D /* Assets.xcassets */ = {isa = PBXFileReference; lastKnownFileType = folder.assetcatalog; path = Assets.xcassets; sourceTree = "<group>"; };
		DA90469A1C58D35B005B162D /* Base */ = {isa = PBXFileReference; lastKnownFileType = file.storyboard; name = Base; path = Base.lproj/LaunchScreen.storyboard; sourceTree = "<group>"; };
		DA90469C1C58D35B005B162D /* Info.plist */ = {isa = PBXFileReference; lastKnownFileType = text.plist.xml; path = Info.plist; sourceTree = "<group>"; };
/* End PBXFileReference section */

/* Begin PBXFrameworksBuildPhase section */
		DA9046821C58D35A005B162D /* Frameworks */ = {
			isa = PBXFrameworksBuildPhase;
			buildActionMask = 2147483647;
			files = (
			);
			runOnlyForDeploymentPostprocessing = 0;
		};
/* End PBXFrameworksBuildPhase section */

/* Begin PBXGroup section */
		DA90467C1C58D35A005B162D = {
			isa = PBXGroup;
			children = (
				DA9046871C58D35A005B162D /* FWWeatherApp */,
				DA9046861C58D35A005B162D /* Products */,
			);
			sourceTree = "<group>";
		};
		DA9046861C58D35A005B162D /* Products */ = {
			isa = PBXGroup;
			children = (
				DA9046851C58D35A005B162D /* FWWeatherApp.app */,
			);
			name = Products;
			sourceTree = "<group>";
		};
		DA9046871C58D35A005B162D /* FWWeatherApp */ = {
			isa = PBXGroup;
			children = (
				DA9046A71C58D9A9005B162D /* assets */,
				DA9046A61C58D9A0005B162D /* config */,
				DA9046A51C58D990005B162D /* viewModel */,
				DA9046A41C58D986005B162D /* view */,
				DA9046A31C58D979005B162D /* model */,
				DA9046A21C58D970005B162D /* vender */,
				DA90468B1C58D35A005B162D /* AppDelegate.h */,
				DA90468C1C58D35A005B162D /* AppDelegate.m */,
				DA90468E1C58D35A005B162D /* ViewController.h */,
				DA90468F1C58D35A005B162D /* ViewController.m */,
				DA9046911C58D35B005B162D /* Main.storyboard */,
				DA9046971C58D35B005B162D /* Assets.xcassets */,
				DA9046991C58D35B005B162D /* LaunchScreen.storyboard */,
				DA90469C1C58D35B005B162D /* Info.plist */,
				DA9046941C58D35B005B162D /* FWWeatherApp.xcdatamodeld */,
				DA9046881C58D35A005B162D /* Supporting Files */,
			);
			path = FWWeatherApp;
			sourceTree = "<group>";
		};
		DA9046881C58D35A005B162D /* Supporting Files */ = {
			isa = PBXGroup;
			children = (
				DA9046891C58D35A005B162D /* main.m */,
			);
			name = "Supporting Files";
			sourceTree = "<group>";
		};
		DA9046A21C58D970005B162D /* vender */ = {
			isa = PBXGroup;
			children = (
			);
			name = vender;
			sourceTree = "<group>";
		};
		DA9046A31C58D979005B162D /* model */ = {
			isa = PBXGroup;
			children = (
			);
			name = model;
			sourceTree = "<group>";
		};
		DA9046A41C58D986005B162D /* view */ = {
			isa = PBXGroup;
			children = (
			);
			name = view;
			sourceTree = "<group>";
		};
		DA9046A51C58D990005B162D /* viewModel */ = {
			isa = PBXGroup;
			children = (
			);
			name = viewModel;
			sourceTree = "<group>";
		};
		DA9046A61C58D9A0005B162D /* config */ = {
			isa = PBXGroup;
			children = (
			);
			name = config;
			sourceTree = "<group>";
		};
		DA9046A71C58D9A9005B162D /* assets */ = {
			isa = PBXGroup;
			children = (
			);
			name = assets;
			sourceTree = "<group>";
		};
/* End PBXGroup section */

/* Begin PBXNativeTarget section */
		DA9046841C58D35A005B162D /* FWWeatherApp */ = {
			isa = PBXNativeTarget;
			buildConfigurationList = DA90469F1C58D35B005B162D /* Build configuration list for PBXNativeTarget "FWWeatherApp" */;
			buildPhases = (
				DA9046811C58D35A005B162D /* Sources */,
				DA9046821C58D35A005B162D /* Frameworks */,
				DA9046831C58D35A005B162D /* Resources */,
			);
			buildRules = (
			);
			dependencies = (
			);
			name = FWWeatherApp;
			productName = FWWeatherApp;
			productReference = DA9046851C58D35A005B162D /* FWWeatherApp.app */;
			productType = "com.apple.product-type.application";
		};
/* End PBXNativeTarget section */

/* Begin PBXProject section */
		DA90467D1C58D35A005B162D /* Project object */ = {
			isa = PBXProject;
			attributes = {
				LastUpgradeCheck = 0720;
				ORGANIZATIONNAME = ForrstWoo;
				TargetAttributes = {
					DA9046841C58D35A005B162D = {
						CreatedOnToolsVersion = 7.2;
						DevelopmentTeam = GMQZZ9LJB4;
					};
				};
			};
			buildConfigurationList = DA9046801C58D35A005B162D /* Build configuration list for PBXProject "FWWeatherApp" */;
			compatibilityVersion = "Xcode 3.2";
			developmentRegion = English;
			hasScannedForEncodings = 0;
			knownRegions = (
				en,
				Base,
			);
			mainGroup = DA90467C1C58D35A005B162D;
			productRefGroup = DA9046861C58D35A005B162D /* Products */;
			projectDirPath = "";
			projectRoot = "";
			targets = (
				DA9046841C58D35A005B162D /* FWWeatherApp */,
			);
		};
/* End PBXProject section */

/* Begin PBXResourcesBuildPhase section */
		DA9046831C58D35A005B162D /* Resources */ = {
			isa = PBXResourcesBuildPhase;
			buildActionMask = 2147483647;
			files = (
				DA90469B1C58D35B005B162D /* LaunchScreen.storyboard in Resources */,
				DA9046981C58D35B005B162D /* Assets.xcassets in Resources */,
				DA9046931C58D35B005B162D /* Main.storyboard in Resources */,
			);
			runOnlyForDeploymentPostprocessing = 0;
		};
/* End PBXResourcesBuildPhase section */

/* Begin PBXSourcesBuildPhase section */
		DA9046811C58D35A005B162D /* Sources */ = {
			isa = PBXSourcesBuildPhase;
			buildActionMask = 2147483647;
			files = (
				DA9046901C58D35A005B162D /* ViewController.m in Sources */,
				DA90468D1C58D35A005B162D /* AppDelegate.m in Sources */,
				DA90468A1C58D35A005B162D /* main.m in Sources */,
				DA9046961C58D35B005B162D /* FWWeatherApp.xcdatamodeld in Sources */,
			);
			runOnlyForDeploymentPostprocessing = 0;
		};
/* End PBXSourcesBuildPhase section */

/* Begin PBXVariantGroup section */
		DA9046911C58D35B005B162D /* Main.storyboard */ = {
			isa = PBXVariantGroup;
			children = (
				DA9046921C58D35B005B162D /* Base */,
			);
			name = Main.storyboard;
			sourceTree = "<group>";
		};
		DA9046991C58D35B005B162D /* LaunchScreen.storyboard */ = {
			isa = PBXVariantGroup;
			children = (
				DA90469A1C58D35B005B162D /* Base */,
			);
			name = LaunchScreen.storyboard;
			sourceTree = "<group>";
		};
/* End PBXVariantGroup section */

/* Begin XCBuildConfiguration section */
		DA90469D1C58D35B005B162D /* Debug */ = {
			isa = XCBuildConfiguration;
			buildSettings = {
				ALWAYS_SEARCH_USER_PATHS = NO;
				CLANG_CXX_LANGUAGE_STANDARD = "gnu++0x";
				CLANG_CXX_LIBRARY = "libc++";
				CLANG_ENABLE_MODULES = YES;
				CLANG_ENABLE_OBJC_ARC = YES;
				CLANG_WARN_BOOL_CONVERSION = YES;
				CLANG_WARN_CONSTANT_CONVERSION = YES;
				CLANG_WARN_DIRECT_OBJC_ISA_USAGE = YES_ERROR;
				CLANG_WARN_EMPTY_BODY = YES;
				CLANG_WARN_ENUM_CONVERSION = YES;
				CLANG_WARN_INT_CONVERSION = YES;
				CLANG_WARN_OBJC_ROOT_CLASS = YES_ERROR;
				CLANG_WARN_UNREACHABLE_CODE = YES;
				CLANG_WARN__DUPLICATE_METHOD_MATCH = YES;
				"CODE_SIGN_IDENTITY[sdk=iphoneos*]" = "iPhone Developer";
				COPY_PHASE_STRIP = NO;
				DEBUG_INFORMATION_FORMAT = dwarf;
				ENABLE_STRICT_OBJC_MSGSEND = YES;
				ENABLE_TESTABILITY = YES;
				GCC_C_LANGUAGE_STANDARD = gnu99;
				GCC_DYNAMIC_NO_PIC = NO;
				GCC_NO_COMMON_BLOCKS = YES;
				GCC_OPTIMIZATION_LEVEL = 0;
				GCC_PREPROCESSOR_DEFINITIONS = (
					"DEBUG=1",
					"$(inherited)",
				);
				GCC_WARN_64_TO_32_BIT_CONVERSION = YES;
				GCC_WARN_ABOUT_RETURN_TYPE = YES_ERROR;
				GCC_WARN_UNDECLARED_SELECTOR = YES;
				GCC_WARN_UNINITIALIZED_AUTOS = YES_AGGRESSIVE;
				GCC_WARN_UNUSED_FUNCTION = YES;
				GCC_WARN_UNUSED_VARIABLE = YES;
				IPHONEOS_DEPLOYMENT_TARGET = 9.2;
				MTL_ENABLE_DEBUG_INFO = YES;
				ONLY_ACTIVE_ARCH = YES;
				SDKROOT = iphoneos;
			};
			name = Debug;
		};
		DA90469E1C58D35B005B162D /* Release */ = {
			isa = XCBuildConfiguration;
			buildSettings = {
				ALWAYS_SEARCH_USER_PATHS = NO;
				CLANG_CXX_LANGUAGE_STANDARD = "gnu++0x";
				CLANG_CXX_LIBRARY = "libc++";
				CLANG_ENABLE_MODULES = YES;
				CLANG_ENABLE_OBJC_ARC = YES;
				CLANG_WARN_BOOL_CONVERSION = YES;
				CLANG_WARN_CONSTANT_CONVERSION = YES;
				CLANG_WARN_DIRECT_OBJC_ISA_USAGE = YES_ERROR;
				CLANG_WARN_EMPTY_BODY = YES;
				CLANG_WARN_ENUM_CONVERSION = YES;
				CLANG_WARN_INT_CONVERSION = YES;
				CLANG_WARN_OBJC_ROOT_CLASS = YES_ERROR;
				CLANG_WARN_UNREACHABLE_CODE = YES;
				CLANG_WARN__DUPLICATE_METHOD_MATCH = YES;
				"CODE_SIGN_IDENTITY[sdk=iphoneos*]" = "iPhone Developer";
				COPY_PHASE_STRIP = NO;
				DEBUG_INFORMATION_FORMAT = "dwarf-with-dsym";
				ENABLE_NS_ASSERTIONS = NO;
				ENABLE_STRICT_OBJC_MSGSEND = YES;
				GCC_C_LANGUAGE_STANDARD = gnu99;
				GCC_NO_COMMON_BLOCKS = YES;
				GCC_WARN_64_TO_32_BIT_CONVERSION = YES;
				GCC_WARN_ABOUT_RETURN_TYPE = YES_ERROR;
				GCC_WARN_UNDECLARED_SELECTOR = YES;
				GCC_WARN_UNINITIALIZED_AUTOS = YES_AGGRESSIVE;
				GCC_WARN_UNUSED_FUNCTION = YES;
				GCC_WARN_UNUSED_VARIABLE = YES;
				IPHONEOS_DEPLOYMENT_TARGET = 9.2;
				MTL_ENABLE_DEBUG_INFO = NO;
				SDKROOT = iphoneos;
				VALIDATE_PRODUCT = YES;
			};
			name = Release;
		};
		DA9046A01C58D35B005B162D /* Debug */ = {
			isa = XCBuildConfiguration;
			buildSettings = {
				ASSETCATALOG_COMPILER_APPICON_NAME = AppIcon;
				INFOPLIST_FILE = FWWeatherApp/Info.plist;
				LD_RUNPATH_SEARCH_PATHS = "$(inherited) @executable_path/Frameworks";
				PRODUCT_BUNDLE_IDENTIFIER = FW.FWWeatherApp;
				PRODUCT_NAME = "$(TARGET_NAME)";
			};
			name = Debug;
		};
		DA9046A11C58D35B005B162D /* Release */ = {
			isa = XCBuildConfiguration;
			buildSettings = {
				ASSETCATALOG_COMPILER_APPICON_NAME = AppIcon;
				INFOPLIST_FILE = FWWeatherApp/Info.plist;
				LD_RUNPATH_SEARCH_PATHS = "$(inherited) @executable_path/Frameworks";
				PRODUCT_BUNDLE_IDENTIFIER = FW.FWWeatherApp;
				PRODUCT_NAME = "$(TARGET_NAME)";
			};
			name = Release;
		};
/* End XCBuildConfiguration section */

/* Begin XCConfigurationList section */
		DA9046801C58D35A005B162D /* Build configuration list for PBXProject "FWWeatherApp" */ = {
			isa = XCConfigurationList;
			buildConfigurations = (
				DA90469D1C58D35B005B162D /* Debug */,
				DA90469E1C58D35B005B162D /* Release */,
			);
			defaultConfigurationIsVisible = 0;
			defaultConfigurationName = Release;
		};
		DA90469F1C58D35B005B162D /* Build configuration list for PBXNativeTarget "FWWeatherApp" */ = {
			isa = XCConfigurationList;
			buildConfigurations = (
				DA9046A01C58D35B005B162D /* Debug */,
				DA9046A11C58D35B005B162D /* Release */,
			);
			defaultConfigurationIsVisible = 0;
		};
/* End XCConfigurationList section */

/* Begin XCVersionGroup section */
		DA9046941C58D35B005B162D /* FWWeatherApp.xcdatamodeld */ = {
			isa = XCVersionGroup;
			children = (
				DA9046951C58D35B005B162D /* FWWeatherApp.xcdatamodel */,
			);
			currentVersion = DA9046951C58D35B005B162D /* FWWeatherApp.xcdatamodel */;
			path = FWWeatherApp.xcdatamodeld;
			sourceTree = "<group>";
			versionGroupType = wrapper.xcdatamodel;
		};
/* End XCVersionGroup section */
	};
	rootObject = DA90467D1C58D35A005B162D /* Project object */;
}
