// !$*UTF8*$!
{
	archiveVersion = 1;
	classes = {
	};
	objectVersion = 46;
	objects = {

/* Begin PBXBuildFile section */
		A823757A1F52DB29007E9C4E /* TFHpple.m in Sources */ = {isa = PBXBuildFile; fileRef = A82375751F52DB29007E9C4E /* TFHpple.m */; };
		A823757B1F52DB29007E9C4E /* TFHppleElement.m in Sources */ = {isa = PBXBuildFile; fileRef = A82375771F52DB29007E9C4E /* TFHppleElement.m */; };
		A823757C1F52DB29007E9C4E /* XPathQuery.m in Sources */ = {isa = PBXBuildFile; fileRef = A82375791F52DB29007E9C4E /* XPathQuery.m */; };
		A8760CBD1EAD227C00F8B550 /* main.m in Sources */ = {isa = PBXBuildFile; fileRef = A8760CBC1EAD227C00F8B550 /* main.m */; };
		A8760CC01EAD227C00F8B550 /* AppDelegate.m in Sources */ = {isa = PBXBuildFile; fileRef = A8760CBF1EAD227C00F8B550 /* AppDelegate.m */; };
		A8760CC31EAD227C00F8B550 /* ViewController.m in Sources */ = {isa = PBXBuildFile; fileRef = A8760CC21EAD227C00F8B550 /* ViewController.m */; };
		A8760CC61EAD227C00F8B550 /* Main.storyboard in Resources */ = {isa = PBXBuildFile; fileRef = A8760CC41EAD227C00F8B550 /* Main.storyboard */; };
		A8760CC91EAD227C00F8B550 /* FWRestoAPP.xcdatamodeld in Sources */ = {isa = PBXBuildFile; fileRef = A8760CC71EAD227C00F8B550 /* FWRestoAPP.xcdatamodeld */; };
		A8760CCB1EAD227C00F8B550 /* Assets.xcassets in Resources */ = {isa = PBXBuildFile; fileRef = A8760CCA1EAD227C00F8B550 /* Assets.xcassets */; };
		A8760CCE1EAD227C00F8B550 /* LaunchScreen.storyboard in Resources */ = {isa = PBXBuildFile; fileRef = A8760CCC1EAD227C00F8B550 /* LaunchScreen.storyboard */; };
		A8760CD91EAD227D00F8B550 /* FWRestoAPPTests.m in Sources */ = {isa = PBXBuildFile; fileRef = A8760CD81EAD227D00F8B550 /* FWRestoAPPTests.m */; };
		A8760CE41EAD227D00F8B550 /* FWRestoAPPUITests.m in Sources */ = {isa = PBXBuildFile; fileRef = A8760CE31EAD227D00F8B550 /* FWRestoAPPUITests.m */; };
		B080AB517507F645237B98F6 /* Pods_FWRestoAPP.framework in Frameworks */ = {isa = PBXBuildFile; fileRef = 10CC0C3FEA7D294470308DA7 /* Pods_FWRestoAPP.framework */; };
/* End PBXBuildFile section */

/* Begin PBXContainerItemProxy section */
		A8760CD51EAD227D00F8B550 /* PBXContainerItemProxy */ = {
			isa = PBXContainerItemProxy;
			containerPortal = A8760CB01EAD227C00F8B550 /* Project object */;
			proxyType = 1;
			remoteGlobalIDString = A8760CB71EAD227C00F8B550;
			remoteInfo = FWRestoAPP;
		};
		A8760CE01EAD227D00F8B550 /* PBXContainerItemProxy */ = {
			isa = PBXContainerItemProxy;
			containerPortal = A8760CB01EAD227C00F8B550 /* Project object */;
			proxyType = 1;
			remoteGlobalIDString = A8760CB71EAD227C00F8B550;
			remoteInfo = FWRestoAPP;
		};
/* End PBXContainerItemProxy section */

/* Begin PBXFileReference section */
		10CC0C3FEA7D294470308DA7 /* Pods_FWRestoAPP.framework */ = {isa = PBXFileReference; explicitFileType = wrapper.framework; includeInIndex = 0; path = Pods_FWRestoAPP.framework; sourceTree = BUILT_PRODUCTS_DIR; };
		34C1AC7455993AD3A6977549 /* Pods-FWRestoAPP.debug.xcconfig */ = {isa = PBXFileReference; includeInIndex = 1; lastKnownFileType = text.xcconfig; name = "Pods-FWRestoAPP.debug.xcconfig"; path = "Pods/Target Support Files/Pods-FWRestoAPP/Pods-FWRestoAPP.debug.xcconfig"; sourceTree = "<group>"; };
		A82375741F52DB29007E9C4E /* TFHpple.h */ = {isa = PBXFileReference; fileEncoding = 4; lastKnownFileType = sourcecode.c.h; name = TFHpple.h; path = Vender/TFHpple/TFHpple.h; sourceTree = "<group>"; };
		A82375751F52DB29007E9C4E /* TFHpple.m */ = {isa = PBXFileReference; fileEncoding = 4; lastKnownFileType = sourcecode.c.objc; name = TFHpple.m; path = Vender/TFHpple/TFHpple.m; sourceTree = "<group>"; };
		A82375761F52DB29007E9C4E /* TFHppleElement.h */ = {isa = PBXFileReference; fileEncoding = 4; lastKnownFileType = sourcecode.c.h; name = TFHppleElement.h; path = Vender/TFHpple/TFHppleElement.h; sourceTree = "<group>"; };
		A82375771F52DB29007E9C4E /* TFHppleElement.m */ = {isa = PBXFileReference; fileEncoding = 4; lastKnownFileType = sourcecode.c.objc; name = TFHppleElement.m; path = Vender/TFHpple/TFHppleElement.m; sourceTree = "<group>"; };
		A82375781F52DB29007E9C4E /* XPathQuery.h */ = {isa = PBXFileReference; fileEncoding = 4; lastKnownFileType = sourcecode.c.h; name = XPathQuery.h; path = Vender/TFHpple/XPathQuery.h; sourceTree = "<group>"; };
		A82375791F52DB29007E9C4E /* XPathQuery.m */ = {isa = PBXFileReference; fileEncoding = 4; lastKnownFileType = sourcecode.c.objc; name = XPathQuery.m; path = Vender/TFHpple/XPathQuery.m; sourceTree = "<group>"; };
		A8760CB81EAD227C00F8B550 /* FWRestoAPP.app */ = {isa = PBXFileReference; explicitFileType = wrapper.application; includeInIndex = 0; path = FWRestoAPP.app; sourceTree = BUILT_PRODUCTS_DIR; };
		A8760CBC1EAD227C00F8B550 /* main.m */ = {isa = PBXFileReference; lastKnownFileType = sourcecode.c.objc; path = main.m; sourceTree = "<group>"; };
		A8760CBE1EAD227C00F8B550 /* AppDelegate.h */ = {isa = PBXFileReference; lastKnownFileType = sourcecode.c.h; path = AppDelegate.h; sourceTree = "<group>"; };
		A8760CBF1EAD227C00F8B550 /* AppDelegate.m */ = {isa = PBXFileReference; lastKnownFileType = sourcecode.c.objc; path = AppDelegate.m; sourceTree = "<group>"; };
		A8760CC11EAD227C00F8B550 /* ViewController.h */ = {isa = PBXFileReference; lastKnownFileType = sourcecode.c.h; path = ViewController.h; sourceTree = "<group>"; };
		A8760CC21EAD227C00F8B550 /* ViewController.m */ = {isa = PBXFileReference; lastKnownFileType = sourcecode.c.objc; path = ViewController.m; sourceTree = "<group>"; };
		A8760CC51EAD227C00F8B550 /* Base */ = {isa = PBXFileReference; lastKnownFileType = file.storyboard; name = Base; path = Base.lproj/Main.storyboard; sourceTree = "<group>"; };
		A8760CC81EAD227C00F8B550 /* FWRestoAPP.xcdatamodel */ = {isa = PBXFileReference; lastKnownFileType = wrapper.xcdatamodel; path = FWRestoAPP.xcdatamodel; sourceTree = "<group>"; };
		A8760CCA1EAD227C00F8B550 /* Assets.xcassets */ = {isa = PBXFileReference; lastKnownFileType = folder.assetcatalog; path = Assets.xcassets; sourceTree = "<group>"; };
		A8760CCD1EAD227C00F8B550 /* Base */ = {isa = PBXFileReference; lastKnownFileType = file.storyboard; name = Base; path = Base.lproj/LaunchScreen.storyboard; sourceTree = "<group>"; };
		A8760CCF1EAD227C00F8B550 /* Info.plist */ = {isa = PBXFileReference; lastKnownFileType = text.plist.xml; path = Info.plist; sourceTree = "<group>"; };
		A8760CD41EAD227D00F8B550 /* FWRestoAPPTests.xctest */ = {isa = PBXFileReference; explicitFileType = wrapper.cfbundle; includeInIndex = 0; path = FWRestoAPPTests.xctest; sourceTree = BUILT_PRODUCTS_DIR; };
		A8760CD81EAD227D00F8B550 /* FWRestoAPPTests.m */ = {isa = PBXFileReference; lastKnownFileType = sourcecode.c.objc; path = FWRestoAPPTests.m; sourceTree = "<group>"; };
		A8760CDA1EAD227D00F8B550 /* Info.plist */ = {isa = PBXFileReference; lastKnownFileType = text.plist.xml; path = Info.plist; sourceTree = "<group>"; };
		A8760CDF1EAD227D00F8B550 /* FWRestoAPPUITests.xctest */ = {isa = PBXFileReference; explicitFileType = wrapper.cfbundle; includeInIndex = 0; path = FWRestoAPPUITests.xctest; sourceTree = BUILT_PRODUCTS_DIR; };
		A8760CE31EAD227D00F8B550 /* FWRestoAPPUITests.m */ = {isa = PBXFileReference; lastKnownFileType = sourcecode.c.objc; path = FWRestoAPPUITests.m; sourceTree = "<group>"; };
		A8760CE51EAD227D00F8B550 /* Info.plist */ = {isa = PBXFileReference; lastKnownFileType = text.plist.xml; path = Info.plist; sourceTree = "<group>"; };
		B16A425E44DAA07CAC991F73 /* Pods-FWRestoAPP.release.xcconfig */ = {isa = PBXFileReference; includeInIndex = 1; lastKnownFileType = text.xcconfig; name = "Pods-FWRestoAPP.release.xcconfig"; path = "Pods/Target Support Files/Pods-FWRestoAPP/Pods-FWRestoAPP.release.xcconfig"; sourceTree = "<group>"; };
/* End PBXFileReference section */

/* Begin PBXFrameworksBuildPhase section */
		A8760CB51EAD227C00F8B550 /* Frameworks */ = {
			isa = PBXFrameworksBuildPhase;
			buildActionMask = 2147483647;
			files = (
				B080AB517507F645237B98F6 /* Pods_FWRestoAPP.framework in Frameworks */,
			);
			runOnlyForDeploymentPostprocessing = 0;
		};
		A8760CD11EAD227D00F8B550 /* Frameworks */ = {
			isa = PBXFrameworksBuildPhase;
			buildActionMask = 2147483647;
			files = (
			);
			runOnlyForDeploymentPostprocessing = 0;
		};
		A8760CDC1EAD227D00F8B550 /* Frameworks */ = {
			isa = PBXFrameworksBuildPhase;
			buildActionMask = 2147483647;
			files = (
			);
			runOnlyForDeploymentPostprocessing = 0;
		};
/* End PBXFrameworksBuildPhase section */

/* Begin PBXGroup section */
		1A2F853CED64FDC7B1122FF6 /* Pods */ = {
			isa = PBXGroup;
			children = (
				34C1AC7455993AD3A6977549 /* Pods-FWRestoAPP.debug.xcconfig */,
				B16A425E44DAA07CAC991F73 /* Pods-FWRestoAPP.release.xcconfig */,
			);
			name = Pods;
			sourceTree = "<group>";
		};
		A82375661F52DA34007E9C4E /* Vender */ = {
			isa = PBXGroup;
			children = (
				A82375731F52DB1D007E9C4E /* TFHpple */,
			);
			name = Vender;
			sourceTree = "<group>";
		};
		A82375731F52DB1D007E9C4E /* TFHpple */ = {
			isa = PBXGroup;
			children = (
				A82375741F52DB29007E9C4E /* TFHpple.h */,
				A82375751F52DB29007E9C4E /* TFHpple.m */,
				A82375761F52DB29007E9C4E /* TFHppleElement.h */,
				A82375771F52DB29007E9C4E /* TFHppleElement.m */,
				A82375781F52DB29007E9C4E /* XPathQuery.h */,
				A82375791F52DB29007E9C4E /* XPathQuery.m */,
			);
			name = TFHpple;
			sourceTree = "<group>";
		};
		A84E50651EB1D5AE00D5E07B /* Views */ = {
			isa = PBXGroup;
			children = (
			);
			path = Views;
			sourceTree = "<group>";
		};
		A84E50661EB1D5BA00D5E07B /* Categories */ = {
			isa = PBXGroup;
			children = (
			);
			path = Categories;
			sourceTree = "<group>";
		};
		A84E50671EB1D5BA00D5E07B /* Controllers */ = {
			isa = PBXGroup;
			children = (
			);
			path = Controllers;
			sourceTree = "<group>";
		};
		A84E50681EB1D5BA00D5E07B /* Models */ = {
			isa = PBXGroup;
			children = (
			);
			path = Models;
			sourceTree = "<group>";
		};
		A84E50691EB1D5BA00D5E07B /* Utilities */ = {
			isa = PBXGroup;
			children = (
			);
			path = Utilities;
			sourceTree = "<group>";
		};
		A8760CAF1EAD227C00F8B550 = {
			isa = PBXGroup;
			children = (
				A8760CBA1EAD227C00F8B550 /* FWRestoAPP */,
				A8760CD71EAD227D00F8B550 /* FWRestoAPPTests */,
				A8760CE21EAD227D00F8B550 /* FWRestoAPPUITests */,
				A8760CB91EAD227C00F8B550 /* Products */,
				1A2F853CED64FDC7B1122FF6 /* Pods */,
				DE4E84A042CEA608B1D7A4D8 /* Frameworks */,
			);
			sourceTree = "<group>";
		};
		A8760CB91EAD227C00F8B550 /* Products */ = {
			isa = PBXGroup;
			children = (
				A8760CB81EAD227C00F8B550 /* FWRestoAPP.app */,
				A8760CD41EAD227D00F8B550 /* FWRestoAPPTests.xctest */,
				A8760CDF1EAD227D00F8B550 /* FWRestoAPPUITests.xctest */,
			);
			name = Products;
			sourceTree = "<group>";
		};
		A8760CBA1EAD227C00F8B550 /* FWRestoAPP */ = {
			isa = PBXGroup;
			children = (
				A82375661F52DA34007E9C4E /* Vender */,
				A84E50661EB1D5BA00D5E07B /* Categories */,
				A84E50671EB1D5BA00D5E07B /* Controllers */,
				A84E50681EB1D5BA00D5E07B /* Models */,
				A84E50691EB1D5BA00D5E07B /* Utilities */,
				A84E50651EB1D5AE00D5E07B /* Views */,
				A8760CBE1EAD227C00F8B550 /* AppDelegate.h */,
				A8760CBF1EAD227C00F8B550 /* AppDelegate.m */,
				A8760CC11EAD227C00F8B550 /* ViewController.h */,
				A8760CC21EAD227C00F8B550 /* ViewController.m */,
				A8760CC41EAD227C00F8B550 /* Main.storyboard */,
				A8760CCA1EAD227C00F8B550 /* Assets.xcassets */,
				A8760CCC1EAD227C00F8B550 /* LaunchScreen.storyboard */,
				A8760CCF1EAD227C00F8B550 /* Info.plist */,
				A8760CC71EAD227C00F8B550 /* FWRestoAPP.xcdatamodeld */,
				A8760CBB1EAD227C00F8B550 /* Supporting Files */,
			);
			path = FWRestoAPP;
			sourceTree = "<group>";
		};
		A8760CBB1EAD227C00F8B550 /* Supporting Files */ = {
			isa = PBXGroup;
			children = (
				A8760CBC1EAD227C00F8B550 /* main.m */,
			);
			name = "Supporting Files";
			sourceTree = "<group>";
		};
		A8760CD71EAD227D00F8B550 /* FWRestoAPPTests */ = {
			isa = PBXGroup;
			children = (
				A8760CD81EAD227D00F8B550 /* FWRestoAPPTests.m */,
				A8760CDA1EAD227D00F8B550 /* Info.plist */,
			);
			path = FWRestoAPPTests;
			sourceTree = "<group>";
		};
		A8760CE21EAD227D00F8B550 /* FWRestoAPPUITests */ = {
			isa = PBXGroup;
			children = (
				A8760CE31EAD227D00F8B550 /* FWRestoAPPUITests.m */,
				A8760CE51EAD227D00F8B550 /* Info.plist */,
			);
			path = FWRestoAPPUITests;
			sourceTree = "<group>";
		};
		DE4E84A042CEA608B1D7A4D8 /* Frameworks */ = {
			isa = PBXGroup;
			children = (
				10CC0C3FEA7D294470308DA7 /* Pods_FWRestoAPP.framework */,
			);
			name = Frameworks;
			sourceTree = "<group>";
		};
/* End PBXGroup section */

/* Begin PBXNativeTarget section */
		A8760CB71EAD227C00F8B550 /* FWRestoAPP */ = {
			isa = PBXNativeTarget;
			buildConfigurationList = A8760CE81EAD227D00F8B550 /* Build configuration list for PBXNativeTarget "FWRestoAPP" */;
			buildPhases = (
				9515BAD77290EBAC421046C8 /* [CP] Check Pods Manifest.lock */,
				A8760CB41EAD227C00F8B550 /* Sources */,
				A8760CB51EAD227C00F8B550 /* Frameworks */,
				A8760CB61EAD227C00F8B550 /* Resources */,
				EFF582F741FF59BDD32AF30B /* [CP] Embed Pods Frameworks */,
				F34EBB08E7F3333C17F1B08A /* [CP] Copy Pods Resources */,
			);
			buildRules = (
			);
			dependencies = (
			);
			name = FWRestoAPP;
			productName = FWRestoAPP;
			productReference = A8760CB81EAD227C00F8B550 /* FWRestoAPP.app */;
			productType = "com.apple.product-type.application";
		};
		A8760CD31EAD227D00F8B550 /* FWRestoAPPTests */ = {
			isa = PBXNativeTarget;
			buildConfigurationList = A8760CEB1EAD227D00F8B550 /* Build configuration list for PBXNativeTarget "FWRestoAPPTests" */;
			buildPhases = (
				A8760CD01EAD227D00F8B550 /* Sources */,
				A8760CD11EAD227D00F8B550 /* Frameworks */,
				A8760CD21EAD227D00F8B550 /* Resources */,
			);
			buildRules = (
			);
			dependencies = (
				A8760CD61EAD227D00F8B550 /* PBXTargetDependency */,
			);
			name = FWRestoAPPTests;
			productName = FWRestoAPPTests;
			productReference = A8760CD41EAD227D00F8B550 /* FWRestoAPPTests.xctest */;
			productType = "com.apple.product-type.bundle.unit-test";
		};
		A8760CDE1EAD227D00F8B550 /* FWRestoAPPUITests */ = {
			isa = PBXNativeTarget;
			buildConfigurationList = A8760CEE1EAD227D00F8B550 /* Build configuration list for PBXNativeTarget "FWRestoAPPUITests" */;
			buildPhases = (
				A8760CDB1EAD227D00F8B550 /* Sources */,
				A8760CDC1EAD227D00F8B550 /* Frameworks */,
				A8760CDD1EAD227D00F8B550 /* Resources */,
			);
			buildRules = (
			);
			dependencies = (
				A8760CE11EAD227D00F8B550 /* PBXTargetDependency */,
			);
			name = FWRestoAPPUITests;
			productName = FWRestoAPPUITests;
			productReference = A8760CDF1EAD227D00F8B550 /* FWRestoAPPUITests.xctest */;
			productType = "com.apple.product-type.bundle.ui-testing";
		};
/* End PBXNativeTarget section */

/* Begin PBXProject section */
		A8760CB01EAD227C00F8B550 /* Project object */ = {
			isa = PBXProject;
			attributes = {
				LastUpgradeCheck = 0820;
				ORGANIZATIONNAME = forrest;
				TargetAttributes = {
					A8760CB71EAD227C00F8B550 = {
						CreatedOnToolsVersion = 8.2.1;
						DevelopmentTeam = GMQZZ9LJB4;
						ProvisioningStyle = Automatic;
					};
					A8760CD31EAD227D00F8B550 = {
						CreatedOnToolsVersion = 8.2.1;
						ProvisioningStyle = Automatic;
						TestTargetID = A8760CB71EAD227C00F8B550;
					};
					A8760CDE1EAD227D00F8B550 = {
						CreatedOnToolsVersion = 8.2.1;
						ProvisioningStyle = Automatic;
						TestTargetID = A8760CB71EAD227C00F8B550;
					};
				};
			};
			buildConfigurationList = A8760CB31EAD227C00F8B550 /* Build configuration list for PBXProject "FWRestoAPP" */;
			compatibilityVersion = "Xcode 3.2";
			developmentRegion = English;
			hasScannedForEncodings = 0;
			knownRegions = (
				en,
				Base,
			);
			mainGroup = A8760CAF1EAD227C00F8B550;
			productRefGroup = A8760CB91EAD227C00F8B550 /* Products */;
			projectDirPath = "";
			projectRoot = "";
			targets = (
				A8760CB71EAD227C00F8B550 /* FWRestoAPP */,
				A8760CD31EAD227D00F8B550 /* FWRestoAPPTests */,
				A8760CDE1EAD227D00F8B550 /* FWRestoAPPUITests */,
			);
		};
/* End PBXProject section */

/* Begin PBXResourcesBuildPhase section */
		A8760CB61EAD227C00F8B550 /* Resources */ = {
			isa = PBXResourcesBuildPhase;
			buildActionMask = 2147483647;
			files = (
				A8760CCE1EAD227C00F8B550 /* LaunchScreen.storyboard in Resources */,
				A8760CCB1EAD227C00F8B550 /* Assets.xcassets in Resources */,
				A8760CC61EAD227C00F8B550 /* Main.storyboard in Resources */,
			);
			runOnlyForDeploymentPostprocessing = 0;
		};
		A8760CD21EAD227D00F8B550 /* Resources */ = {
			isa = PBXResourcesBuildPhase;
			buildActionMask = 2147483647;
			files = (
			);
			runOnlyForDeploymentPostprocessing = 0;
		};
		A8760CDD1EAD227D00F8B550 /* Resources */ = {
			isa = PBXResourcesBuildPhase;
			buildActionMask = 2147483647;
			files = (
			);
			runOnlyForDeploymentPostprocessing = 0;
		};
/* End PBXResourcesBuildPhase section */

/* Begin PBXShellScriptBuildPhase section */
		9515BAD77290EBAC421046C8 /* [CP] Check Pods Manifest.lock */ = {
			isa = PBXShellScriptBuildPhase;
			buildActionMask = 2147483647;
			files = (
			);
			inputPaths = (
			);
			name = "[CP] Check Pods Manifest.lock";
			outputPaths = (
			);
			runOnlyForDeploymentPostprocessing = 0;
			shellPath = /bin/sh;
			shellScript = "diff \"${PODS_PODFILE_DIR_PATH}/Podfile.lock\" \"${PODS_ROOT}/Manifest.lock\" > /dev/null\nif [ $? != 0 ] ; then\n    # print error to STDERR\n    echo \"error: The sandbox is not in sync with the Podfile.lock. Run 'pod install' or update your CocoaPods installation.\" >&2\n    exit 1\nfi\n";
			showEnvVarsInLog = 0;
		};
		EFF582F741FF59BDD32AF30B /* [CP] Embed Pods Frameworks */ = {
			isa = PBXShellScriptBuildPhase;
			buildActionMask = 2147483647;
			files = (
			);
			inputPaths = (
			);
			name = "[CP] Embed Pods Frameworks";
			outputPaths = (
			);
			runOnlyForDeploymentPostprocessing = 0;
			shellPath = /bin/sh;
			shellScript = "\"${SRCROOT}/Pods/Target Support Files/Pods-FWRestoAPP/Pods-FWRestoAPP-frameworks.sh\"\n";
			showEnvVarsInLog = 0;
		};
		F34EBB08E7F3333C17F1B08A /* [CP] Copy Pods Resources */ = {
			isa = PBXShellScriptBuildPhase;
			buildActionMask = 2147483647;
			files = (
			);
			inputPaths = (
			);
			name = "[CP] Copy Pods Resources";
			outputPaths = (
			);
			runOnlyForDeploymentPostprocessing = 0;
			shellPath = /bin/sh;
			shellScript = "\"${SRCROOT}/Pods/Target Support Files/Pods-FWRestoAPP/Pods-FWRestoAPP-resources.sh\"\n";
			showEnvVarsInLog = 0;
		};
/* End PBXShellScriptBuildPhase section */

/* Begin PBXSourcesBuildPhase section */
		A8760CB41EAD227C00F8B550 /* Sources */ = {
			isa = PBXSourcesBuildPhase;
			buildActionMask = 2147483647;
			files = (
				A823757B1F52DB29007E9C4E /* TFHppleElement.m in Sources */,
				A823757C1F52DB29007E9C4E /* XPathQuery.m in Sources */,
				A823757A1F52DB29007E9C4E /* TFHpple.m in Sources */,
				A8760CC31EAD227C00F8B550 /* ViewController.m in Sources */,
				A8760CC01EAD227C00F8B550 /* AppDelegate.m in Sources */,
				A8760CC91EAD227C00F8B550 /* FWRestoAPP.xcdatamodeld in Sources */,
				A8760CBD1EAD227C00F8B550 /* main.m in Sources */,
			);
			runOnlyForDeploymentPostprocessing = 0;
		};
		A8760CD01EAD227D00F8B550 /* Sources */ = {
			isa = PBXSourcesBuildPhase;
			buildActionMask = 2147483647;
			files = (
				A8760CD91EAD227D00F8B550 /* FWRestoAPPTests.m in Sources */,
			);
			runOnlyForDeploymentPostprocessing = 0;
		};
		A8760CDB1EAD227D00F8B550 /* Sources */ = {
			isa = PBXSourcesBuildPhase;
			buildActionMask = 2147483647;
			files = (
				A8760CE41EAD227D00F8B550 /* FWRestoAPPUITests.m in Sources */,
			);
			runOnlyForDeploymentPostprocessing = 0;
		};
/* End PBXSourcesBuildPhase section */

/* Begin PBXTargetDependency section */
		A8760CD61EAD227D00F8B550 /* PBXTargetDependency */ = {
			isa = PBXTargetDependency;
			target = A8760CB71EAD227C00F8B550 /* FWRestoAPP */;
			targetProxy = A8760CD51EAD227D00F8B550 /* PBXContainerItemProxy */;
		};
		A8760CE11EAD227D00F8B550 /* PBXTargetDependency */ = {
			isa = PBXTargetDependency;
			target = A8760CB71EAD227C00F8B550 /* FWRestoAPP */;
			targetProxy = A8760CE01EAD227D00F8B550 /* PBXContainerItemProxy */;
		};
/* End PBXTargetDependency section */

/* Begin PBXVariantGroup section */
		A8760CC41EAD227C00F8B550 /* Main.storyboard */ = {
			isa = PBXVariantGroup;
			children = (
				A8760CC51EAD227C00F8B550 /* Base */,
			);
			name = Main.storyboard;
			sourceTree = "<group>";
		};
		A8760CCC1EAD227C00F8B550 /* LaunchScreen.storyboard */ = {
			isa = PBXVariantGroup;
			children = (
				A8760CCD1EAD227C00F8B550 /* Base */,
			);
			name = LaunchScreen.storyboard;
			sourceTree = "<group>";
		};
/* End PBXVariantGroup section */

/* Begin XCBuildConfiguration section */
		A8760CE61EAD227D00F8B550 /* Debug */ = {
			isa = XCBuildConfiguration;
			buildSettings = {
				ALWAYS_SEARCH_USER_PATHS = NO;
				CLANG_ANALYZER_NONNULL = YES;
				CLANG_CXX_LANGUAGE_STANDARD = "gnu++0x";
				CLANG_CXX_LIBRARY = "libc++";
				CLANG_ENABLE_MODULES = YES;
				CLANG_ENABLE_OBJC_ARC = YES;
				CLANG_WARN_BOOL_CONVERSION = YES;
				CLANG_WARN_CONSTANT_CONVERSION = YES;
				CLANG_WARN_DIRECT_OBJC_ISA_USAGE = YES_ERROR;
				CLANG_WARN_DOCUMENTATION_COMMENTS = YES;
				CLANG_WARN_EMPTY_BODY = YES;
				CLANG_WARN_ENUM_CONVERSION = YES;
				CLANG_WARN_INFINITE_RECURSION = YES;
				CLANG_WARN_INT_CONVERSION = YES;
				CLANG_WARN_OBJC_ROOT_CLASS = YES_ERROR;
				CLANG_WARN_SUSPICIOUS_MOVE = YES;
				CLANG_WARN_UNREACHABLE_CODE = YES;
				CLANG_WARN__DUPLICATE_METHOD_MATCH = YES;
				"CODE_SIGN_IDENTITY[sdk=iphoneos*]" = "iPhone Developer";
				COPY_PHASE_STRIP = NO;
				DEBUG_INFORMATION_FORMAT = dwarf;
				ENABLE_STRICT_OBJC_MSGSEND = YES;
				ENABLE_TESTABILITY = YES;
				GCC_C_LANGUAGE_STANDARD = gnu99;
				GCC_DYNAMIC_NO_PIC = NO;
				GCC_NO_COMMON_BLOCKS = YES;
				GCC_OPTIMIZATION_LEVEL = 0;
				GCC_PREPROCESSOR_DEFINITIONS = (
					"DEBUG=1",
					"$(inherited)",
				);
				GCC_WARN_64_TO_32_BIT_CONVERSION = YES;
				GCC_WARN_ABOUT_RETURN_TYPE = YES_ERROR;
				GCC_WARN_UNDECLARED_SELECTOR = YES;
				GCC_WARN_UNINITIALIZED_AUTOS = YES_AGGRESSIVE;
				GCC_WARN_UNUSED_FUNCTION = YES;
				GCC_WARN_UNUSED_VARIABLE = YES;
				IPHONEOS_DEPLOYMENT_TARGET = 10.2;
				MTL_ENABLE_DEBUG_INFO = YES;
				ONLY_ACTIVE_ARCH = YES;
				SDKROOT = iphoneos;
				TARGETED_DEVICE_FAMILY = 2;
			};
			name = Debug;
		};
		A8760CE71EAD227D00F8B550 /* Release */ = {
			isa = XCBuildConfiguration;
			buildSettings = {
				ALWAYS_SEARCH_USER_PATHS = NO;
				CLANG_ANALYZER_NONNULL = YES;
				CLANG_CXX_LANGUAGE_STANDARD = "gnu++0x";
				CLANG_CXX_LIBRARY = "libc++";
				CLANG_ENABLE_MODULES = YES;
				CLANG_ENABLE_OBJC_ARC = YES;
				CLANG_WARN_BOOL_CONVERSION = YES;
				CLANG_WARN_CONSTANT_CONVERSION = YES;
				CLANG_WARN_DIRECT_OBJC_ISA_USAGE = YES_ERROR;
				CLANG_WARN_DOCUMENTATION_COMMENTS = YES;
				CLANG_WARN_EMPTY_BODY = YES;
				CLANG_WARN_ENUM_CONVERSION = YES;
				CLANG_WARN_INFINITE_RECURSION = YES;
				CLANG_WARN_INT_CONVERSION = YES;
				CLANG_WARN_OBJC_ROOT_CLASS = YES_ERROR;
				CLANG_WARN_SUSPICIOUS_MOVE = YES;
				CLANG_WARN_UNREACHABLE_CODE = YES;
				CLANG_WARN__DUPLICATE_METHOD_MATCH = YES;
				"CODE_SIGN_IDENTITY[sdk=iphoneos*]" = "iPhone Developer";
				COPY_PHASE_STRIP = NO;
				DEBUG_INFORMATION_FORMAT = "dwarf-with-dsym";
				ENABLE_NS_ASSERTIONS = NO;
				ENABLE_STRICT_OBJC_MSGSEND = YES;
				GCC_C_LANGUAGE_STANDARD = gnu99;
				GCC_NO_COMMON_BLOCKS = YES;
				GCC_WARN_64_TO_32_BIT_CONVERSION = YES;
				GCC_WARN_ABOUT_RETURN_TYPE = YES_ERROR;
				GCC_WARN_UNDECLARED_SELECTOR = YES;
				GCC_WARN_UNINITIALIZED_AUTOS = YES_AGGRESSIVE;
				GCC_WARN_UNUSED_FUNCTION = YES;
				GCC_WARN_UNUSED_VARIABLE = YES;
				IPHONEOS_DEPLOYMENT_TARGET = 10.2;
				MTL_ENABLE_DEBUG_INFO = NO;
				SDKROOT = iphoneos;
				TARGETED_DEVICE_FAMILY = 2;
				VALIDATE_PRODUCT = YES;
			};
			name = Release;
		};
		A8760CE91EAD227D00F8B550 /* Debug */ = {
			isa = XCBuildConfiguration;
			baseConfigurationReference = 34C1AC7455993AD3A6977549 /* Pods-FWRestoAPP.debug.xcconfig */;
			buildSettings = {
				ASSETCATALOG_COMPILER_APPICON_NAME = AppIcon;
				DEVELOPMENT_TEAM = GMQZZ9LJB4;
				INFOPLIST_FILE = FWRestoAPP/Info.plist;
				LD_RUNPATH_SEARCH_PATHS = "$(inherited) @executable_path/Frameworks";
				PRODUCT_BUNDLE_IDENTIFIER = FW.FWRestoAPP;
				PRODUCT_NAME = "$(TARGET_NAME)";
				TARGETED_DEVICE_FAMILY = "1,2";
			};
			name = Debug;
		};
		A8760CEA1EAD227D00F8B550 /* Release */ = {
			isa = XCBuildConfiguration;
			baseConfigurationReference = B16A425E44DAA07CAC991F73 /* Pods-FWRestoAPP.release.xcconfig */;
			buildSettings = {
				ASSETCATALOG_COMPILER_APPICON_NAME = AppIcon;
				DEVELOPMENT_TEAM = GMQZZ9LJB4;
				INFOPLIST_FILE = FWRestoAPP/Info.plist;
				LD_RUNPATH_SEARCH_PATHS = "$(inherited) @executable_path/Frameworks";
				PRODUCT_BUNDLE_IDENTIFIER = FW.FWRestoAPP;
				PRODUCT_NAME = "$(TARGET_NAME)";
				TARGETED_DEVICE_FAMILY = "1,2";
			};
			name = Release;
		};
		A8760CEC1EAD227D00F8B550 /* Debug */ = {
			isa = XCBuildConfiguration;
			buildSettings = {
				BUNDLE_LOADER = "$(TEST_HOST)";
				INFOPLIST_FILE = FWRestoAPPTests/Info.plist;
				LD_RUNPATH_SEARCH_PATHS = "$(inherited) @executable_path/Frameworks @loader_path/Frameworks";
				PRODUCT_BUNDLE_IDENTIFIER = FW.FWRestoAPPTests;
				PRODUCT_NAME = "$(TARGET_NAME)";
				TEST_HOST = "$(BUILT_PRODUCTS_DIR)/FWRestoAPP.app/FWRestoAPP";
			};
			name = Debug;
		};
		A8760CED1EAD227D00F8B550 /* Release */ = {
			isa = XCBuildConfiguration;
			buildSettings = {
				BUNDLE_LOADER = "$(TEST_HOST)";
				INFOPLIST_FILE = FWRestoAPPTests/Info.plist;
				LD_RUNPATH_SEARCH_PATHS = "$(inherited) @executable_path/Frameworks @loader_path/Frameworks";
				PRODUCT_BUNDLE_IDENTIFIER = FW.FWRestoAPPTests;
				PRODUCT_NAME = "$(TARGET_NAME)";
				TEST_HOST = "$(BUILT_PRODUCTS_DIR)/FWRestoAPP.app/FWRestoAPP";
			};
			name = Release;
		};
		A8760CEF1EAD227D00F8B550 /* Debug */ = {
			isa = XCBuildConfiguration;
			buildSettings = {
				INFOPLIST_FILE = FWRestoAPPUITests/Info.plist;
				LD_RUNPATH_SEARCH_PATHS = "$(inherited) @executable_path/Frameworks @loader_path/Frameworks";
				PRODUCT_BUNDLE_IDENTIFIER = FW.FWRestoAPPUITests;
				PRODUCT_NAME = "$(TARGET_NAME)";
				TEST_TARGET_NAME = FWRestoAPP;
			};
			name = Debug;
		};
		A8760CF01EAD227D00F8B550 /* Release */ = {
			isa = XCBuildConfiguration;
			buildSettings = {
				INFOPLIST_FILE = FWRestoAPPUITests/Info.plist;
				LD_RUNPATH_SEARCH_PATHS = "$(inherited) @executable_path/Frameworks @loader_path/Frameworks";
				PRODUCT_BUNDLE_IDENTIFIER = FW.FWRestoAPPUITests;
				PRODUCT_NAME = "$(TARGET_NAME)";
				TEST_TARGET_NAME = FWRestoAPP;
			};
			name = Release;
		};
/* End XCBuildConfiguration section */

/* Begin XCConfigurationList section */
		A8760CB31EAD227C00F8B550 /* Build configuration list for PBXProject "FWRestoAPP" */ = {
			isa = XCConfigurationList;
			buildConfigurations = (
				A8760CE61EAD227D00F8B550 /* Debug */,
				A8760CE71EAD227D00F8B550 /* Release */,
			);
			defaultConfigurationIsVisible = 0;
			defaultConfigurationName = Release;
		};
		A8760CE81EAD227D00F8B550 /* Build configuration list for PBXNativeTarget "FWRestoAPP" */ = {
			isa = XCConfigurationList;
			buildConfigurations = (
				A8760CE91EAD227D00F8B550 /* Debug */,
				A8760CEA1EAD227D00F8B550 /* Release */,
			);
			defaultConfigurationIsVisible = 0;
			defaultConfigurationName = Release;
		};
		A8760CEB1EAD227D00F8B550 /* Build configuration list for PBXNativeTarget "FWRestoAPPTests" */ = {
			isa = XCConfigurationList;
			buildConfigurations = (
				A8760CEC1EAD227D00F8B550 /* Debug */,
				A8760CED1EAD227D00F8B550 /* Release */,
			);
			defaultConfigurationIsVisible = 0;
			defaultConfigurationName = Release;
		};
		A8760CEE1EAD227D00F8B550 /* Build configuration list for PBXNativeTarget "FWRestoAPPUITests" */ = {
			isa = XCConfigurationList;
			buildConfigurations = (
				A8760CEF1EAD227D00F8B550 /* Debug */,
				A8760CF01EAD227D00F8B550 /* Release */,
			);
			defaultConfigurationIsVisible = 0;
			defaultConfigurationName = Release;
		};
/* End XCConfigurationList section */

/* Begin XCVersionGroup section */
		A8760CC71EAD227C00F8B550 /* FWRestoAPP.xcdatamodeld */ = {
			isa = XCVersionGroup;
			children = (
				A8760CC81EAD227C00F8B550 /* FWRestoAPP.xcdatamodel */,
			);
			currentVersion = A8760CC81EAD227C00F8B550 /* FWRestoAPP.xcdatamodel */;
			path = FWRestoAPP.xcdatamodeld;
			sourceTree = "<group>";
			versionGroupType = wrapper.xcdatamodel;
		};
/* End XCVersionGroup section */
	};
	rootObject = A8760CB01EAD227C00F8B550 /* Project object */;
}
